{
  "requires": true,
  "lockfileVersion": 1,
  "dependencies": {
    "@angular/animations": {
      "version": "9.1.9",
      "resolved": "https://registry.npmjs.org/@angular/animations/-/animations-9.1.9.tgz",
      "integrity": "sha512-qWVi0TxmU6HeXAgEsfpQvFFygh+a0kH2kGe6bWij4XvG6dWfV3xZjlaFwSIYGk+yK4yL0+9+PAXH+ENfxNw+Cw=="
    },
    "@angular/material": {
      "version": "9.2.4",
      "resolved": "https://registry.npmjs.org/@angular/material/-/material-9.2.4.tgz",
      "integrity": "sha512-LkoTXE6B0slvMhvfZDdPWaz4yaYLkaAp5VSPunI9pxGsPxzqEV9e210wC1/sjG/76Nk8Ep7/2z9XKac8Q9bMwA=="
    },
    "@types/angular": {
      "version": "1.7.0",
      "resolved": "https://registry.npmjs.org/@types/angular/-/angular-1.7.0.tgz",
      "integrity": "sha512-zneUmi5I6oSkGBqkRP9rxbWX1mi6Yj7gNV+WNffmJLf8x4cnV0MGqXFNSP90NZ1kRRLCOdKBf9RIVD1TMg4aog=="
    },
    "@types/angular-material": {
      "version": "1.1.71",
      "resolved": "https://registry.npmjs.org/@types/angular-material/-/angular-material-1.1.71.tgz",
      "integrity": "sha512-Z/Vn2SYueL+S9fUfJJ+g+1fV+Lwk0Lhd25L9hofGau4KgCJ7oIMcGw77hr44nnN3qJLzT4wySBVuOv0gUK+M0w==",
      "requires": {
        "@types/angular": "*"
      }
    }
  }
}
